// !$*UTF8*$!
{
	archiveVersion = 1;
	classes = {
	};
	objectVersion = 48;
	objects = {

/* Begin PBXBuildFile section */
		73FE36283597CFCC11D5F4DF /* Pods_BTCTracker.framework in Frameworks */ = {isa = PBXBuildFile; fileRef = 3D89061F0AB08A455A0DB2CE /* Pods_BTCTracker.framework */; };
		C51307781F898D59004E2428 /* AppDelegate.swift in Sources */ = {isa = PBXBuildFile; fileRef = C51307771F898D59004E2428 /* AppDelegate.swift */; };
		C513077A1F898D59004E2428 /* ViewController.swift in Sources */ = {isa = PBXBuildFile; fileRef = C51307791F898D59004E2428 /* ViewController.swift */; };
		C513077D1F898D59004E2428 /* Main.storyboard in Resources */ = {isa = PBXBuildFile; fileRef = C513077B1F898D59004E2428 /* Main.storyboard */; };
		C513077F1F898D59004E2428 /* Assets.xcassets in Resources */ = {isa = PBXBuildFile; fileRef = C513077E1F898D59004E2428 /* Assets.xcassets */; };
		C51307871F898DAB004E2428 /* API.swift in Sources */ = {isa = PBXBuildFile; fileRef = C51307861F898DAA004E2428 /* API.swift */; };
/* End PBXBuildFile section */

/* Begin PBXFileReference section */
		263AFECD0014D44B380D81DD /* Pods-BTCTracker.debug.xcconfig */ = {isa = PBXFileReference; includeInIndex = 1; lastKnownFileType = text.xcconfig; name = "Pods-BTCTracker.debug.xcconfig"; path = "Pods/Target Support Files/Pods-BTCTracker/Pods-BTCTracker.debug.xcconfig"; sourceTree = "<group>"; };
		3D89061F0AB08A455A0DB2CE /* Pods_BTCTracker.framework */ = {isa = PBXFileReference; explicitFileType = wrapper.framework; includeInIndex = 0; path = Pods_BTCTracker.framework; sourceTree = BUILT_PRODUCTS_DIR; };
		471D33596629901FD0DA9B4F /* Pods-BTCTracker.release.xcconfig */ = {isa = PBXFileReference; includeInIndex = 1; lastKnownFileType = text.xcconfig; name = "Pods-BTCTracker.release.xcconfig"; path = "Pods/Target Support Files/Pods-BTCTracker/Pods-BTCTracker.release.xcconfig"; sourceTree = "<group>"; };
		C51307741F898D59004E2428 /* BTCTracker.app */ = {isa = PBXFileReference; explicitFileType = wrapper.application; includeInIndex = 0; path = BTCTracker.app; sourceTree = BUILT_PRODUCTS_DIR; };
		C51307771F898D59004E2428 /* AppDelegate.swift */ = {isa = PBXFileReference; lastKnownFileType = sourcecode.swift; path = AppDelegate.swift; sourceTree = "<group>"; };
		C51307791F898D59004E2428 /* ViewController.swift */ = {isa = PBXFileReference; lastKnownFileType = sourcecode.swift; path = ViewController.swift; sourceTree = "<group>"; };
		C513077C1F898D59004E2428 /* Base */ = {isa = PBXFileReference; lastKnownFileType = file.storyboard; name = Base; path = Base.lproj/Main.storyboard; sourceTree = "<group>"; };
		C513077E1F898D59004E2428 /* Assets.xcassets */ = {isa = PBXFileReference; lastKnownFileType = folder.assetcatalog; path = Assets.xcassets; sourceTree = "<group>"; };
		C51307801F898D59004E2428 /* Info.plist */ = {isa = PBXFileReference; lastKnownFileType = text.plist.xml; path = Info.plist; sourceTree = "<group>"; };
		C51307861F898DAA004E2428 /* API.swift */ = {isa = PBXFileReference; lastKnownFileType = sourcecode.swift; path = API.swift; sourceTree = "<group>"; };
/* End PBXFileReference section */

/* Begin PBXFrameworksBuildPhase section */
		C51307711F898D59004E2428 /* Frameworks */ = {
			isa = PBXFrameworksBuildPhase;
			buildActionMask = 2147483647;
			files = (
				73FE36283597CFCC11D5F4DF /* Pods_BTCTracker.framework in Frameworks */,
			);
			runOnlyForDeploymentPostprocessing = 0;
		};
/* End PBXFrameworksBuildPhase section */

/* Begin PBXGroup section */
		787A94BD4D7F6FEB4FF50508 /* Frameworks */ = {
			isa = PBXGroup;
			children = (
				3D89061F0AB08A455A0DB2CE /* Pods_BTCTracker.framework */,
			);
			name = Frameworks;
			sourceTree = "<group>";
		};
		A276FBDCD8EA6073D10BA352 /* Pods */ = {
			isa = PBXGroup;
			children = (
				263AFECD0014D44B380D81DD /* Pods-BTCTracker.debug.xcconfig */,
				471D33596629901FD0DA9B4F /* Pods-BTCTracker.release.xcconfig */,
			);
			name = Pods;
			sourceTree = "<group>";
		};
		C513076B1F898D59004E2428 = {
			isa = PBXGroup;
			children = (
				C51307761F898D59004E2428 /* BTCTracker */,
				C51307751F898D59004E2428 /* Products */,
				A276FBDCD8EA6073D10BA352 /* Pods */,
				787A94BD4D7F6FEB4FF50508 /* Frameworks */,
			);
			sourceTree = "<group>";
		};
		C51307751F898D59004E2428 /* Products */ = {
			isa = PBXGroup;
			children = (
				C51307741F898D59004E2428 /* BTCTracker.app */,
			);
			name = Products;
			sourceTree = "<group>";
		};
		C51307761F898D59004E2428 /* BTCTracker */ = {
			isa = PBXGroup;
			children = (
				C51307771F898D59004E2428 /* AppDelegate.swift */,
				C51307791F898D59004E2428 /* ViewController.swift */,
				C51307861F898DAA004E2428 /* API.swift */,
				C513077B1F898D59004E2428 /* Main.storyboard */,
				C513077E1F898D59004E2428 /* Assets.xcassets */,
				C51307801F898D59004E2428 /* Info.plist */,
			);
			path = BTCTracker;
			sourceTree = "<group>";
		};
/* End PBXGroup section */

/* Begin PBXNativeTarget section */
		C51307731F898D59004E2428 /* BTCTracker */ = {
			isa = PBXNativeTarget;
			buildConfigurationList = C51307831F898D59004E2428 /* Build configuration list for PBXNativeTarget "BTCTracker" */;
			buildPhases = (
				81A404BAA1A506FE5FD6E1F2 /* [CP] Check Pods Manifest.lock */,
				C51307701F898D59004E2428 /* Sources */,
				C51307711F898D59004E2428 /* Frameworks */,
				C51307721F898D59004E2428 /* Resources */,
				D9516E11453C1E1C59627330 /* [CP] Embed Pods Frameworks */,
				E4072E36E2C08E94C61FF03B /* [CP] Copy Pods Resources */,
			);
			buildRules = (
			);
			dependencies = (
			);
			name = BTCTracker;
			productName = BTCTracker;
			productReference = C51307741F898D59004E2428 /* BTCTracker.app */;
			productType = "com.apple.product-type.application";
		};
/* End PBXNativeTarget section */

/* Begin PBXProject section */
		C513076C1F898D59004E2428 /* Project object */ = {
			isa = PBXProject;
			attributes = {
				LastSwiftUpdateCheck = 0900;
				LastUpgradeCheck = 0900;
				ORGANIZATIONNAME = "Finn Gaida";
				TargetAttributes = {
					C51307731F898D59004E2428 = {
						CreatedOnToolsVersion = 9.0;
						ProvisioningStyle = Automatic;
					};
				};
			};
			buildConfigurationList = C513076F1F898D59004E2428 /* Build configuration list for PBXProject "BTCTracker" */;
			compatibilityVersion = "Xcode 8.0";
			developmentRegion = en;
			hasScannedForEncodings = 0;
			knownRegions = (
				en,
				Base,
			);
			mainGroup = C513076B1F898D59004E2428;
			productRefGroup = C51307751F898D59004E2428 /* Products */;
			projectDirPath = "";
			projectRoot = "";
			targets = (
				C51307731F898D59004E2428 /* BTCTracker */,
			);
		};
/* End PBXProject section */

/* Begin PBXResourcesBuildPhase section */
		C51307721F898D59004E2428 /* Resources */ = {
			isa = PBXResourcesBuildPhase;
			buildActionMask = 2147483647;
			files = (
				C513077F1F898D59004E2428 /* Assets.xcassets in Resources */,
				C513077D1F898D59004E2428 /* Main.storyboard in Resources */,
			);
			runOnlyForDeploymentPostprocessing = 0;
		};
/* End PBXResourcesBuildPhase section */

/* Begin PBXShellScriptBuildPhase section */
		81A404BAA1A506FE5FD6E1F2 /* [CP] Check Pods Manifest.lock */ = {
			isa = PBXShellScriptBuildPhase;
			buildActionMask = 2147483647;
			files = (
			);
			inputPaths = (
				"${PODS_PODFILE_DIR_PATH}/Podfile.lock",
				"${PODS_ROOT}/Manifest.lock",
			);
			name = "[CP] Check Pods Manifest.lock";
			outputPaths = (
				"$(DERIVED_FILE_DIR)/Pods-BTCTracker-checkManifestLockResult.txt",
			);
			runOnlyForDeploymentPostprocessing = 0;
			shellPath = /bin/sh;
			shellScript = "diff \"${PODS_PODFILE_DIR_PATH}/Podfile.lock\" \"${PODS_ROOT}/Manifest.lock\" > /dev/null\nif [ $? != 0 ] ; then\n    # print error to STDERR\n    echo \"error: The sandbox is not in sync with the Podfile.lock. Run 'pod install' or update your CocoaPods installation.\" >&2\n    exit 1\nfi\n# This output is used by Xcode 'outputs' to avoid re-running this script phase.\necho \"SUCCESS\" > \"${SCRIPT_OUTPUT_FILE_0}\"\n";
			showEnvVarsInLog = 0;
		};
		D9516E11453C1E1C59627330 /* [CP] Embed Pods Frameworks */ = {
			isa = PBXShellScriptBuildPhase;
			buildActionMask = 2147483647;
			files = (
			);
			inputPaths = (
				"${SRCROOT}/Pods/Target Support Files/Pods-BTCTracker/Pods-BTCTracker-frameworks.sh",
				"${BUILT_PRODUCTS_DIR}/Alamofire/Alamofire.framework",
				"${BUILT_PRODUCTS_DIR}/Charts/Charts.framework",
			);
			name = "[CP] Embed Pods Frameworks";
			outputPaths = (
				"${TARGET_BUILD_DIR}/${FRAMEWORKS_FOLDER_PATH}/Alamofire.framework",
				"${TARGET_BUILD_DIR}/${FRAMEWORKS_FOLDER_PATH}/Charts.framework",
			);
			runOnlyForDeploymentPostprocessing = 0;
			shellPath = /bin/sh;
			shellScript = "\"${SRCROOT}/Pods/Target Support Files/Pods-BTCTracker/Pods-BTCTracker-frameworks.sh\"\n";
			showEnvVarsInLog = 0;
		};
		E4072E36E2C08E94C61FF03B /* [CP] Copy Pods Resources */ = {
			isa = PBXShellScriptBuildPhase;
			buildActionMask = 2147483647;
			files = (
			);
			inputPaths = (
			);
			name = "[CP] Copy Pods Resources";
			outputPaths = (
			);
			runOnlyForDeploymentPostprocessing = 0;
			shellPath = /bin/sh;
			shellScript = "\"${SRCROOT}/Pods/Target Support Files/Pods-BTCTracker/Pods-BTCTracker-resources.sh\"\n";
			showEnvVarsInLog = 0;
		};
/* End PBXShellScriptBuildPhase section */

/* Begin PBXSourcesBuildPhase section */
		C51307701F898D59004E2428 /* Sources */ = {
			isa = PBXSourcesBuildPhase;
			buildActionMask = 2147483647;
			files = (
				C513077A1F898D59004E2428 /* ViewController.swift in Sources */,
				C51307871F898DAB004E2428 /* API.swift in Sources */,
				C51307781F898D59004E2428 /* AppDelegate.swift in Sources */,
			);
			runOnlyForDeploymentPostprocessing = 0;
		};
/* End PBXSourcesBuildPhase section */

/* Begin PBXVariantGroup section */
		C513077B1F898D59004E2428 /* Main.storyboard */ = {
			isa = PBXVariantGroup;
			children = (
				C513077C1F898D59004E2428 /* Base */,
			);
			name = Main.storyboard;
			sourceTree = "<group>";
		};
/* End PBXVariantGroup section */

/* Begin XCBuildConfiguration section */
		C51307811F898D59004E2428 /* Debug */ = {
			isa = XCBuildConfiguration;
			buildSettings = {
				ALWAYS_SEARCH_USER_PATHS = NO;
				CLANG_ANALYZER_NONNULL = YES;
				CLANG_ANALYZER_NUMBER_OBJECT_CONVERSION = YES_AGGRESSIVE;
				CLANG_CXX_LANGUAGE_STANDARD = "gnu++14";
				CLANG_CXX_LIBRARY = "libc++";
				CLANG_ENABLE_MODULES = YES;
				CLANG_ENABLE_OBJC_ARC = YES;
				CLANG_WARN_BLOCK_CAPTURE_AUTORELEASING = YES;
				CLANG_WARN_BOOL_CONVERSION = YES;
				CLANG_WARN_COMMA = YES;
				CLANG_WARN_CONSTANT_CONVERSION = YES;
				CLANG_WARN_DIRECT_OBJC_ISA_USAGE = YES_ERROR;
				CLANG_WARN_DOCUMENTATION_COMMENTS = YES;
				CLANG_WARN_EMPTY_BODY = YES;
				CLANG_WARN_ENUM_CONVERSION = YES;
				CLANG_WARN_INFINITE_RECURSION = YES;
				CLANG_WARN_INT_CONVERSION = YES;
				CLANG_WARN_NON_LITERAL_NULL_CONVERSION = YES;
				CLANG_WARN_OBJC_LITERAL_CONVERSION = YES;
				CLANG_WARN_OBJC_ROOT_CLASS = YES_ERROR;
				CLANG_WARN_RANGE_LOOP_ANALYSIS = YES;
				CLANG_WARN_STRICT_PROTOTYPES = YES;
				CLANG_WARN_SUSPICIOUS_MOVE = YES;
				CLANG_WARN_UNGUARDED_AVAILABILITY = YES_AGGRESSIVE;
				CLANG_WARN_UNREACHABLE_CODE = YES;
				CLANG_WARN__DUPLICATE_METHOD_MATCH = YES;
				COPY_PHASE_STRIP = NO;
				DEBUG_INFORMATION_FORMAT = dwarf;
				ENABLE_STRICT_OBJC_MSGSEND = YES;
				ENABLE_TESTABILITY = YES;
				GCC_C_LANGUAGE_STANDARD = gnu11;
				GCC_DYNAMIC_NO_PIC = NO;
				GCC_NO_COMMON_BLOCKS = YES;
				GCC_OPTIMIZATION_LEVEL = 0;
				GCC_PREPROCESSOR_DEFINITIONS = (
					"DEBUG=1",
					"$(inherited)",
				);
				GCC_WARN_64_TO_32_BIT_CONVERSION = YES;
				GCC_WARN_ABOUT_RETURN_TYPE = YES_ERROR;
				GCC_WARN_UNDECLARED_SELECTOR = YES;
				GCC_WARN_UNINITIALIZED_AUTOS = YES_AGGRESSIVE;
				GCC_WARN_UNUSED_FUNCTION = YES;
				GCC_WARN_UNUSED_VARIABLE = YES;
				MTL_ENABLE_DEBUG_INFO = YES;
				ONLY_ACTIVE_ARCH = YES;
				SDKROOT = appletvos;
				SWIFT_ACTIVE_COMPILATION_CONDITIONS = DEBUG;
				SWIFT_OPTIMIZATION_LEVEL = "-Onone";
				TVOS_DEPLOYMENT_TARGET = 11.0;
			};
			name = Debug;
		};
		C51307821F898D59004E2428 /* Release */ = {
			isa = XCBuildConfiguration;
			buildSettings = {
				ALWAYS_SEARCH_USER_PATHS = NO;
				CLANG_ANALYZER_NONNULL = YES;
				CLANG_ANALYZER_NUMBER_OBJECT_CONVERSION = YES_AGGRESSIVE;
				CLANG_CXX_LANGUAGE_STANDARD = "gnu++14";
				CLANG_CXX_LIBRARY = "libc++";
				CLANG_ENABLE_MODULES = YES;
				CLANG_ENABLE_OBJC_ARC = YES;
				CLANG_WARN_BLOCK_CAPTURE_AUTORELEASING = YES;
				CLANG_WARN_BOOL_CONVERSION = YES;
				CLANG_WARN_COMMA = YES;
				CLANG_WARN_CONSTANT_CONVERSION = YES;
				CLANG_WARN_DIRECT_OBJC_ISA_USAGE = YES_ERROR;
				CLANG_WARN_DOCUMENTATION_COMMENTS = YES;
				CLANG_WARN_EMPTY_BODY = YES;
				CLANG_WARN_ENUM_CONVERSION = YES;
				CLANG_WARN_INFINITE_RECURSION = YES;
				CLANG_WARN_INT_CONVERSION = YES;
				CLANG_WARN_NON_LITERAL_NULL_CONVERSION = YES;
				CLANG_WARN_OBJC_LITERAL_CONVERSION = YES;
				CLANG_WARN_OBJC_ROOT_CLASS = YES_ERROR;
				CLANG_WARN_RANGE_LOOP_ANALYSIS = YES;
				CLANG_WARN_STRICT_PROTOTYPES = YES;
				CLANG_WARN_SUSPICIOUS_MOVE = YES;
				CLANG_WARN_UNGUARDED_AVAILABILITY = YES_AGGRESSIVE;
				CLANG_WARN_UNREACHABLE_CODE = YES;
				CLANG_WARN__DUPLICATE_METHOD_MATCH = YES;
				COPY_PHASE_STRIP = NO;
				DEBUG_INFORMATION_FORMAT = "dwarf-with-dsym";
				ENABLE_NS_ASSERTIONS = NO;
				ENABLE_STRICT_OBJC_MSGSEND = YES;
				GCC_C_LANGUAGE_STANDARD = gnu11;
				GCC_NO_COMMON_BLOCKS = YES;
				GCC_WARN_64_TO_32_BIT_CONVERSION = YES;
				GCC_WARN_ABOUT_RETURN_TYPE = YES_ERROR;
				GCC_WARN_UNDECLARED_SELECTOR = YES;
				GCC_WARN_UNINITIALIZED_AUTOS = YES_AGGRESSIVE;
				GCC_WARN_UNUSED_FUNCTION = YES;
				GCC_WARN_UNUSED_VARIABLE = YES;
				MTL_ENABLE_DEBUG_INFO = NO;
				SDKROOT = appletvos;
				SWIFT_OPTIMIZATION_LEVEL = "-Owholemodule";
				TVOS_DEPLOYMENT_TARGET = 11.0;
				VALIDATE_PRODUCT = YES;
			};
			name = Release;
		};
		C51307841F898D59004E2428 /* Debug */ = {
			isa = XCBuildConfiguration;
			baseConfigurationReference = 263AFECD0014D44B380D81DD /* Pods-BTCTracker.debug.xcconfig */;
			buildSettings = {
				ASSETCATALOG_COMPILER_APPICON_NAME = "App Icon & Top Shelf Image";
				ASSETCATALOG_COMPILER_LAUNCHIMAGE_NAME = LaunchImage;
				CODE_SIGN_STYLE = Automatic;
				DEVELOPMENT_TEAM = PTHJ3DNH6P;
				INFOPLIST_FILE = BTCTracker/Info.plist;
				LD_RUNPATH_SEARCH_PATHS = "$(inherited) @executable_path/Frameworks";
				PRODUCT_BUNDLE_IDENTIFIER = de.finngaida.BTCTracker;
				PRODUCT_NAME = "$(TARGET_NAME)";
				SWIFT_VERSION = 4.0;
				TARGETED_DEVICE_FAMILY = 3;
			};
			name = Debug;
		};
		C51307851F898D59004E2428 /* Release */ = {
			isa = XCBuildConfiguration;
			baseConfigurationReference = 471D33596629901FD0DA9B4F /* Pods-BTCTracker.release.xcconfig */;
			buildSettings = {
				ASSETCATALOG_COMPILER_APPICON_NAME = "App Icon & Top Shelf Image";
				ASSETCATALOG_COMPILER_LAUNCHIMAGE_NAME = LaunchImage;
				CODE_SIGN_STYLE = Automatic;
				DEVELOPMENT_TEAM = PTHJ3DNH6P;
				INFOPLIST_FILE = BTCTracker/Info.plist;
				LD_RUNPATH_SEARCH_PATHS = "$(inherited) @executable_path/Frameworks";
				PRODUCT_BUNDLE_IDENTIFIER = de.finngaida.BTCTracker;
				PRODUCT_NAME = "$(TARGET_NAME)";
				SWIFT_VERSION = 4.0;
				TARGETED_DEVICE_FAMILY = 3;
			};
			name = Release;
		};
/* End XCBuildConfiguration section */

/* Begin XCConfigurationList section */
		C513076F1F898D59004E2428 /* Build configuration list for PBXProject "BTCTracker" */ = {
			isa = XCConfigurationList;
			buildConfigurations = (
				C51307811F898D59004E2428 /* Debug */,
				C51307821F898D59004E2428 /* Release */,
			);
			defaultConfigurationIsVisible = 0;
			defaultConfigurationName = Release;
		};
		C51307831F898D59004E2428 /* Build configuration list for PBXNativeTarget "BTCTracker" */ = {
			isa = XCConfigurationList;
			buildConfigurations = (
				C51307841F898D59004E2428 /* Debug */,
				C51307851F898D59004E2428 /* Release */,
			);
			defaultConfigurationIsVisible = 0;
			defaultConfigurationName = Release;
		};
/* End XCConfigurationList section */
	};
	rootObject = C513076C1F898D59004E2428 /* Project object */;
}
