PODS:
  - Alamofire (4.5.1)
  - Charts (3.0.4):
    - Charts/Core (= 3.0.4)
  - Charts/Core (3.0.4)

DEPENDENCIES:
  - Alamofire
  - Charts

SPEC CHECKSUMS:
  Alamofire: 2d95912bf4c34f164fdfc335872e8c312acaea4a
  Charts: 0705898046257443f0afbbc3179f4b67507b6e48

PODFILE CHECKSUM: 2939394c78b62c783b26719afb4df43403a04392

COCOAPODS: 1.4.0.beta.1
